{
  "name": "u0",
  "version": "1.0.0",
  "lockfileVersion": 1,
  "requires": true,
  "dependencies": {
    "@dcloudio/types": {
      "version": "2.0.23",
      "resolved": "https://registry.npmjs.org/@dcloudio/types/-/types-2.0.23.tgz",
      "integrity": "sha512-4JHz1vjwxLkVre3Bf6iMaC4V7mLR85f3wdfwgQqYjn0iOmaSrkUfe7GEJcjkpGbCEKvOJAyIJoMe2yKURIB5yw=="
    },
    "fuse.js": {
      "version": "3.6.1",
      "resolved": "https://registry.npmjs.org/fuse.js/-/fuse.js-3.6.1.tgz",
      "integrity": "sha512-hT9yh/tiinkmirKrlv4KWOjztdoZo1mx9Qh4KvWqC7isoXwdUY3PNWUxceF4/qO9R6riA2C29jdTOeQOIROjgw=="
    },
    "luch-request": {
      "version": "3.0.5",
      "resolved": "https://registry.npmjs.org/luch-request/-/luch-request-3.0.5.tgz",
      "integrity": "sha512-IpIET4O2BWtTsKw2Cjane0jppGbomQkoOAq5pIRbusqbEoqM968d0OI1jCzLKywgpmqfwx3/IPnH7Rnuv0TVtw==",
      "requires": {
        "@dcloudio/types": "^2.0.16"
      }
    },
    "moment": {
      "version": "2.29.1",
      "resolved": "https://registry.npmjs.org/moment/-/moment-2.29.1.tgz",
      "integrity": "sha512-kHmoybcPV8Sqy59DwNDY3Jefr64lK/by/da0ViFcuA4DH0vQg5Q6Ze5VimxkfQNSC+Mls/Kx53s7TjP1RhFEDQ=="
    },
    "uview-ui": {
      "version": "1.8.4",
      "resolved": "https://registry.npmjs.org/uview-ui/-/uview-ui-1.8.4.tgz",
      "integrity": "sha512-Zr+D5dFdNy6CdHQLBEXeGq/w0LkjxzBtsgaaDwLl0P58g67H7fBBDvy6AzWK/k0c7dwPYMBiK7I4Tr9p92+0DA=="
    }
  }
}
